
Microsoft Visual Studio Solution File, Format Version 12.00
# Visual Studio Version 16
VisualStudioVersion = 16.0.32126.315
MinimumVisualStudioVersion = 10.0.40219.1
Project("{9A19103F-16F7-4668-BE54-9A1E7A4F7556}") = "Statistic", "Statistic\Statistic.csproj", "{E7554C48-C631-48AC-AB17-4FF96B3287B5}"
EndProject
Project("{2150E333-8FDC-42A3-9474-1A3956D46DE8}") = "Backend", "Backend", "{12848F55-0302-4150-97B0-9B5A8B2984A3}"
EndProject
Project("{9A19103F-16F7-4668-BE54-9A1E7A4F7556}") = "DbLayer", "Dblayer\DbLayer.csproj", "{8AC51CD1-3B77-4EC5-9B78-99AFC11E9376}"
EndProject
Project("{FAE04EC0-301F-11D3-BF4B-00C04F79EFBC}") = "Api", "Api\Api.csproj", "{6CE7F971-95F3-4E5C-BA09-18C1F429F6B8}"
EndProject
Project("{FAE04EC0-301F-11D3-BF4B-00C04F79EFBC}") = "BackendCore", "BackendCore\BackendCore.csproj", "{E015028E-F198-4CA9-B41C-A01F26AC9BBC}"
EndProject
Project("{2150E333-8FDC-42A3-9474-1A3956D46DE8}") = "HttpTranport", "HttpTranport", "{0F401740-753C-496B-9D1D-CFA9B123656A}"
EndProject
Project("{FAE04EC0-301F-11D3-BF4B-00C04F79EFBC}") = "RestClient", "RestClient\RestClient.csproj", "{57494FD1-350D-4FDF-B4F5-71D6ED319D36}"
EndProject
Project("{2150E333-8FDC-42A3-9474-1A3956D46DE8}") = "Common", "Common", "{23FF70DE-DDDE-494C-BDAF-92E65C93C373}"
EndProject
Project("{FAE04EC0-301F-11D3-BF4B-00C04F79EFBC}") = "Infrastructure", "Infrastructure\Infrastructure.csproj", "{02E2C52F-5415-403C-A6F2-75866C556A83}"
EndProject
Global
	GlobalSection(SolutionConfigurationPlatforms) = preSolution
		Debug|Any CPU = Debug|Any CPU
		Release|Any CPU = Release|Any CPU
	EndGlobalSection
	GlobalSection(ProjectConfigurationPlatforms) = postSolution
		{E7554C48-C631-48AC-AB17-4FF96B3287B5}.Debug|Any CPU.ActiveCfg = Debug|Any CPU
		{E7554C48-C631-48AC-AB17-4FF96B3287B5}.Debug|Any CPU.Build.0 = Debug|Any CPU
		{E7554C48-C631-48AC-AB17-4FF96B3287B5}.Release|Any CPU.ActiveCfg = Release|Any CPU
		{E7554C48-C631-48AC-AB17-4FF96B3287B5}.Release|Any CPU.Build.0 = Release|Any CPU
		{8AC51CD1-3B77-4EC5-9B78-99AFC11E9376}.Debug|Any CPU.ActiveCfg = Debug|Any CPU
		{8AC51CD1-3B77-4EC5-9B78-99AFC11E9376}.Debug|Any CPU.Build.0 = Debug|Any CPU
		{8AC51CD1-3B77-4EC5-9B78-99AFC11E9376}.Release|Any CPU.ActiveCfg = Release|Any CPU
		{8AC51CD1-3B77-4EC5-9B78-99AFC11E9376}.Release|Any CPU.Build.0 = Release|Any CPU
		{6CE7F971-95F3-4E5C-BA09-18C1F429F6B8}.Debug|Any CPU.ActiveCfg = Debug|Any CPU
		{6CE7F971-95F3-4E5C-BA09-18C1F429F6B8}.Debug|Any CPU.Build.0 = Debug|Any CPU
		{6CE7F971-95F3-4E5C-BA09-18C1F429F6B8}.Release|Any CPU.ActiveCfg = Release|Any CPU
		{6CE7F971-95F3-4E5C-BA09-18C1F429F6B8}.Release|Any CPU.Build.0 = Release|Any CPU
		{E015028E-F198-4CA9-B41C-A01F26AC9BBC}.Debug|Any CPU.ActiveCfg = Debug|Any CPU
		{E015028E-F198-4CA9-B41C-A01F26AC9BBC}.Debug|Any CPU.Build.0 = Debug|Any CPU
		{E015028E-F198-4CA9-B41C-A01F26AC9BBC}.Release|Any CPU.ActiveCfg = Release|Any CPU
		{E015028E-F198-4CA9-B41C-A01F26AC9BBC}.Release|Any CPU.Build.0 = Release|Any CPU
		{57494FD1-350D-4FDF-B4F5-71D6ED319D36}.Debug|Any CPU.ActiveCfg = Debug|Any CPU
		{57494FD1-350D-4FDF-B4F5-71D6ED319D36}.Debug|Any CPU.Build.0 = Debug|Any CPU
		{57494FD1-350D-4FDF-B4F5-71D6ED319D36}.Release|Any CPU.ActiveCfg = Release|Any CPU
		{57494FD1-350D-4FDF-B4F5-71D6ED319D36}.Release|Any CPU.Build.0 = Release|Any CPU
		{02E2C52F-5415-403C-A6F2-75866C556A83}.Debug|Any CPU.ActiveCfg = Debug|Any CPU
		{02E2C52F-5415-403C-A6F2-75866C556A83}.Debug|Any CPU.Build.0 = Debug|Any CPU
		{02E2C52F-5415-403C-A6F2-75866C556A83}.Release|Any CPU.ActiveCfg = Release|Any CPU
		{02E2C52F-5415-403C-A6F2-75866C556A83}.Release|Any CPU.Build.0 = Release|Any CPU
	EndGlobalSection
	GlobalSection(SolutionProperties) = preSolution
		HideSolutionNode = FALSE
	EndGlobalSection
	GlobalSection(NestedProjects) = preSolution
		{E7554C48-C631-48AC-AB17-4FF96B3287B5} = {0F401740-753C-496B-9D1D-CFA9B123656A}
		{8AC51CD1-3B77-4EC5-9B78-99AFC11E9376} = {12848F55-0302-4150-97B0-9B5A8B2984A3}
		{6CE7F971-95F3-4E5C-BA09-18C1F429F6B8} = {12848F55-0302-4150-97B0-9B5A8B2984A3}
		{E015028E-F198-4CA9-B41C-A01F26AC9BBC} = {12848F55-0302-4150-97B0-9B5A8B2984A3}
		{57494FD1-350D-4FDF-B4F5-71D6ED319D36} = {0F401740-753C-496B-9D1D-CFA9B123656A}
		{02E2C52F-5415-403C-A6F2-75866C556A83} = {23FF70DE-DDDE-494C-BDAF-92E65C93C373}
	EndGlobalSection
	GlobalSection(ExtensibilityGlobals) = postSolution
		SolutionGuid = {634130A9-F4DC-4FBB-9493-A9FF634B1791}
	EndGlobalSection
EndGlobal
